
Microsoft Visual Studio Solution File, Format Version 12.00
# Visual Studio 15
VisualStudioVersion = 15.0.28307.757
MinimumVisualStudioVersion = 10.0.40219.1
Project("{FAE04EC0-301F-11D3-BF4B-00C04F79EFBC}") = "DataAccess", "DataAccess\DataAccess.csproj", "{6F2950C5-6E98-41EF-8626-A30C9E376FBD}"
EndProject
Project("{FAE04EC0-301F-11D3-BF4B-00C04F79EFBC}") = "DataModels", "DataModels\DataModels.csproj", "{BA556ACE-0123-44AE-AF9B-075714A42667}"
EndProject
Project("{FAE04EC0-301F-11D3-BF4B-00C04F79EFBC}") = "Models", "Models\Models.csproj", "{0C1C4F59-3276-4B17-8255-18EEAE310568}"
EndProject
Project("{FAE04EC0-301F-11D3-BF4B-00C04F79EFBC}") = "Services", "Services\Services.csproj", "{8AAE5A50-75E8-4BCD-A861-970DDF435A17}"
EndProject
Project("{FAE04EC0-301F-11D3-BF4B-00C04F79EFBC}") = "Web.Api", "Web.Api\Web.Api.csproj", "{32854C9A-5EA5-4442-94D5-1EBB1688D86A}"
EndProject
Global
	GlobalSection(SolutionConfigurationPlatforms) = preSolution
		Debug|Any CPU = Debug|Any CPU
		Release|Any CPU = Release|Any CPU
	EndGlobalSection
	GlobalSection(ProjectConfigurationPlatforms) = postSolution
		{6F2950C5-6E98-41EF-8626-A30C9E376FBD}.Debug|Any CPU.ActiveCfg = Debug|Any CPU
		{6F2950C5-6E98-41EF-8626-A30C9E376FBD}.Debug|Any CPU.Build.0 = Debug|Any CPU
		{6F2950C5-6E98-41EF-8626-A30C9E376FBD}.Release|Any CPU.ActiveCfg = Release|Any CPU
		{6F2950C5-6E98-41EF-8626-A30C9E376FBD}.Release|Any CPU.Build.0 = Release|Any CPU
		{BA556ACE-0123-44AE-AF9B-075714A42667}.Debug|Any CPU.ActiveCfg = Debug|Any CPU
		{BA556ACE-0123-44AE-AF9B-075714A42667}.Debug|Any CPU.Build.0 = Debug|Any CPU
		{BA556ACE-0123-44AE-AF9B-075714A42667}.Release|Any CPU.ActiveCfg = Release|Any CPU
		{BA556ACE-0123-44AE-AF9B-075714A42667}.Release|Any CPU.Build.0 = Release|Any CPU
		{0C1C4F59-3276-4B17-8255-18EEAE310568}.Debug|Any CPU.ActiveCfg = Debug|Any CPU
		{0C1C4F59-3276-4B17-8255-18EEAE310568}.Debug|Any CPU.Build.0 = Debug|Any CPU
		{0C1C4F59-3276-4B17-8255-18EEAE310568}.Release|Any CPU.ActiveCfg = Release|Any CPU
		{0C1C4F59-3276-4B17-8255-18EEAE310568}.Release|Any CPU.Build.0 = Release|Any CPU
		{8AAE5A50-75E8-4BCD-A861-970DDF435A17}.Debug|Any CPU.ActiveCfg = Debug|Any CPU
		{8AAE5A50-75E8-4BCD-A861-970DDF435A17}.Debug|Any CPU.Build.0 = Debug|Any CPU
		{8AAE5A50-75E8-4BCD-A861-970DDF435A17}.Release|Any CPU.ActiveCfg = Release|Any CPU
		{8AAE5A50-75E8-4BCD-A861-970DDF435A17}.Release|Any CPU.Build.0 = Release|Any CPU
		{32854C9A-5EA5-4442-94D5-1EBB1688D86A}.Debug|Any CPU.ActiveCfg = Debug|Any CPU
		{32854C9A-5EA5-4442-94D5-1EBB1688D86A}.Debug|Any CPU.Build.0 = Debug|Any CPU
		{32854C9A-5EA5-4442-94D5-1EBB1688D86A}.Release|Any CPU.ActiveCfg = Release|Any CPU
		{32854C9A-5EA5-4442-94D5-1EBB1688D86A}.Release|Any CPU.Build.0 = Release|Any CPU
	EndGlobalSection
	GlobalSection(SolutionProperties) = preSolution
		HideSolutionNode = FALSE
	EndGlobalSection
	GlobalSection(ExtensibilityGlobals) = postSolution
		SolutionGuid = {C4C1D142-BDA5-42AC-8873-F619F6BBC02A}
	EndGlobalSection
EndGlobal
